// !$*UTF8*$!
{
	archiveVersion = 1;
	classes = {
	};
	objectVersion = 50;
	objects = {

/* Begin PBXBuildFile section */
		E081FF32236B8EFB00A9299D /* AppDelegate.swift in Sources */ = {isa = PBXBuildFile; fileRef = E081FF31236B8EFB00A9299D /* AppDelegate.swift */; };
		E081FF34236B8EFB00A9299D /* SceneDelegate.swift in Sources */ = {isa = PBXBuildFile; fileRef = E081FF33236B8EFB00A9299D /* SceneDelegate.swift */; };
		E081FF36236B8EFB00A9299D /* LoginViewController.swift in Sources */ = {isa = PBXBuildFile; fileRef = E081FF35236B8EFB00A9299D /* LoginViewController.swift */; };
		E081FF39236B8EFB00A9299D /* Main.storyboard in Resources */ = {isa = PBXBuildFile; fileRef = E081FF37236B8EFB00A9299D /* Main.storyboard */; };
		E081FF3B236B8EFF00A9299D /* Assets.xcassets in Resources */ = {isa = PBXBuildFile; fileRef = E081FF3A236B8EFF00A9299D /* Assets.xcassets */; };
		E081FF3E236B8EFF00A9299D /* LaunchScreen.storyboard in Resources */ = {isa = PBXBuildFile; fileRef = E081FF3C236B8EFF00A9299D /* LaunchScreen.storyboard */; };
		E081FF46236B900E00A9299D /* ankita.png in Resources */ = {isa = PBXBuildFile; fileRef = E081FF45236B900E00A9299D /* ankita.png */; };
		E081FF48236B99F400A9299D /* Users.plist in Resources */ = {isa = PBXBuildFile; fileRef = E081FF47236B99F400A9299D /* Users.plist */; };
		E081FF6C236BB43300A9299D /* CustomerListViewController.swift in Sources */ = {isa = PBXBuildFile; fileRef = E081FF6B236BB43300A9299D /* CustomerListViewController.swift */; };
		E081FF6E236BC54100A9299D /* Singleton.swift in Sources */ = {isa = PBXBuildFile; fileRef = E081FF6D236BC54100A9299D /* Singleton.swift */; };
		E081FF70236BE8AE00A9299D /* Customer.swift in Sources */ = {isa = PBXBuildFile; fileRef = E081FF6F236BE8AE00A9299D /* Customer.swift */; };
		E081FF72236C130100A9299D /* AddCustomerViewController.swift in Sources */ = {isa = PBXBuildFile; fileRef = E081FF71236C130100A9299D /* AddCustomerViewController.swift */; };
		E081FF74236CBD5600A9299D /* CustomerDetailsViewController.swift in Sources */ = {isa = PBXBuildFile; fileRef = E081FF73236CBD5600A9299D /* CustomerDetailsViewController.swift */; };
		E0E40234237537DA00CF19D0 /* Bill.swift in Sources */ = {isa = PBXBuildFile; fileRef = E0E40233237537D900CF19D0 /* Bill.swift */; };
		E0E402362375381D00CF19D0 /* Hydro.swift in Sources */ = {isa = PBXBuildFile; fileRef = E0E402352375381D00CF19D0 /* Hydro.swift */; };
		E0E402382375385500CF19D0 /* Internet.swift in Sources */ = {isa = PBXBuildFile; fileRef = E0E402372375385500CF19D0 /* Internet.swift */; };
/* End PBXBuildFile section */

/* Begin PBXFileReference section */
		E081FF2E236B8EFB00A9299D /* C0765767_MidTerm_MAD3115F2019-P1.app */ = {isa = PBXFileReference; explicitFileType = wrapper.application; includeInIndex = 0; path = "C0765767_MidTerm_MAD3115F2019-P1.app"; sourceTree = BUILT_PRODUCTS_DIR; };
		E081FF31236B8EFB00A9299D /* AppDelegate.swift */ = {isa = PBXFileReference; lastKnownFileType = sourcecode.swift; path = AppDelegate.swift; sourceTree = "<group>"; };
		E081FF33236B8EFB00A9299D /* SceneDelegate.swift */ = {isa = PBXFileReference; lastKnownFileType = sourcecode.swift; path = SceneDelegate.swift; sourceTree = "<group>"; };
		E081FF35236B8EFB00A9299D /* LoginViewController.swift */ = {isa = PBXFileReference; lastKnownFileType = sourcecode.swift; path = LoginViewController.swift; sourceTree = "<group>"; };
		E081FF38236B8EFB00A9299D /* Base */ = {isa = PBXFileReference; lastKnownFileType = file.storyboard; name = Base; path = Base.lproj/Main.storyboard; sourceTree = "<group>"; };
		E081FF3A236B8EFF00A9299D /* Assets.xcassets */ = {isa = PBXFileReference; lastKnownFileType = folder.assetcatalog; path = Assets.xcassets; sourceTree = "<group>"; };
		E081FF3D236B8EFF00A9299D /* Base */ = {isa = PBXFileReference; lastKnownFileType = file.storyboard; name = Base; path = Base.lproj/LaunchScreen.storyboard; sourceTree = "<group>"; };
		E081FF3F236B8EFF00A9299D /* Info.plist */ = {isa = PBXFileReference; lastKnownFileType = text.plist.xml; path = Info.plist; sourceTree = "<group>"; };
		E081FF45236B900E00A9299D /* ankita.png */ = {isa = PBXFileReference; lastKnownFileType = image.png; path = ankita.png; sourceTree = "<group>"; };
		E081FF47236B99F400A9299D /* Users.plist */ = {isa = PBXFileReference; lastKnownFileType = text.plist.xml; path = Users.plist; sourceTree = "<group>"; };
		E081FF6B236BB43300A9299D /* CustomerListViewController.swift */ = {isa = PBXFileReference; lastKnownFileType = sourcecode.swift; path = CustomerListViewController.swift; sourceTree = "<group>"; };
		E081FF6D236BC54100A9299D /* Singleton.swift */ = {isa = PBXFileReference; lastKnownFileType = sourcecode.swift; path = Singleton.swift; sourceTree = "<group>"; };
		E081FF6F236BE8AE00A9299D /* Customer.swift */ = {isa = PBXFileReference; lastKnownFileType = sourcecode.swift; path = Customer.swift; sourceTree = "<group>"; };
		E081FF71236C130100A9299D /* AddCustomerViewController.swift */ = {isa = PBXFileReference; lastKnownFileType = sourcecode.swift; path = AddCustomerViewController.swift; sourceTree = "<group>"; };
		E081FF73236CBD5600A9299D /* CustomerDetailsViewController.swift */ = {isa = PBXFileReference; lastKnownFileType = sourcecode.swift; path = CustomerDetailsViewController.swift; sourceTree = "<group>"; };
		E0E40233237537D900CF19D0 /* Bill.swift */ = {isa = PBXFileReference; fileEncoding = 4; lastKnownFileType = sourcecode.swift; path = Bill.swift; sourceTree = "<group>"; };
		E0E402352375381D00CF19D0 /* Hydro.swift */ = {isa = PBXFileReference; fileEncoding = 4; lastKnownFileType = sourcecode.swift; path = Hydro.swift; sourceTree = "<group>"; };
		E0E402372375385500CF19D0 /* Internet.swift */ = {isa = PBXFileReference; fileEncoding = 4; lastKnownFileType = sourcecode.swift; path = Internet.swift; sourceTree = "<group>"; };
/* End PBXFileReference section */

/* Begin PBXFrameworksBuildPhase section */
		E081FF2B236B8EFB00A9299D /* Frameworks */ = {
			isa = PBXFrameworksBuildPhase;
			buildActionMask = 2147483647;
			files = (
			);
			runOnlyForDeploymentPostprocessing = 0;
		};
/* End PBXFrameworksBuildPhase section */

/* Begin PBXGroup section */
		E081FF25236B8EFB00A9299D = {
			isa = PBXGroup;
			children = (
				E081FF30236B8EFB00A9299D /* C0765767_MidTerm_MAD3115F2019-P1 */,
				E081FF2F236B8EFB00A9299D /* Products */,
			);
			sourceTree = "<group>";
		};
		E081FF2F236B8EFB00A9299D /* Products */ = {
			isa = PBXGroup;
			children = (
				E081FF2E236B8EFB00A9299D /* C0765767_MidTerm_MAD3115F2019-P1.app */,
			);
			name = Products;
			sourceTree = "<group>";
		};
		E081FF30236B8EFB00A9299D /* C0765767_MidTerm_MAD3115F2019-P1 */ = {
			isa = PBXGroup;
			children = (
				E0E40232237537C200CF19D0 /* Bill */,
				E081FF45236B900E00A9299D /* ankita.png */,
				E081FF31236B8EFB00A9299D /* AppDelegate.swift */,
				E081FF33236B8EFB00A9299D /* SceneDelegate.swift */,
				E081FF35236B8EFB00A9299D /* LoginViewController.swift */,
				E081FF37236B8EFB00A9299D /* Main.storyboard */,
				E081FF3A236B8EFF00A9299D /* Assets.xcassets */,
				E081FF3C236B8EFF00A9299D /* LaunchScreen.storyboard */,
				E081FF3F236B8EFF00A9299D /* Info.plist */,
				E081FF47236B99F400A9299D /* Users.plist */,
				E081FF6B236BB43300A9299D /* CustomerListViewController.swift */,
				E081FF6D236BC54100A9299D /* Singleton.swift */,
				E081FF6F236BE8AE00A9299D /* Customer.swift */,
				E081FF71236C130100A9299D /* AddCustomerViewController.swift */,
				E081FF73236CBD5600A9299D /* CustomerDetailsViewController.swift */,
			);
			path = "C0765767_MidTerm_MAD3115F2019-P1";
			sourceTree = "<group>";
		};
		E0E40232237537C200CF19D0 /* Bill */ = {
			isa = PBXGroup;
			children = (
				E0E40233237537D900CF19D0 /* Bill.swift */,
				E0E402372375385500CF19D0 /* Internet.swift */,
				E0E402352375381D00CF19D0 /* Hydro.swift */,
			);
			path = Bill;
			sourceTree = "<group>";
		};
/* End PBXGroup section */

/* Begin PBXNativeTarget section */
		E081FF2D236B8EFB00A9299D /* C0765767_MidTerm_MAD3115F2019-P1 */ = {
			isa = PBXNativeTarget;
			buildConfigurationList = E081FF42236B8EFF00A9299D /* Build configuration list for PBXNativeTarget "C0765767_MidTerm_MAD3115F2019-P1" */;
			buildPhases = (
				E081FF2A236B8EFB00A9299D /* Sources */,
				E081FF2B236B8EFB00A9299D /* Frameworks */,
				E081FF2C236B8EFB00A9299D /* Resources */,
			);
			buildRules = (
			);
			dependencies = (
			);
			name = "C0765767_MidTerm_MAD3115F2019-P1";
			productName = "C0765767_MidTerm_MAD3115F2019-P1";
			productReference = E081FF2E236B8EFB00A9299D /* C0765767_MidTerm_MAD3115F2019-P1.app */;
			productType = "com.apple.product-type.application";
		};
/* End PBXNativeTarget section */

/* Begin PBXProject section */
		E081FF26236B8EFB00A9299D /* Project object */ = {
			isa = PBXProject;
			attributes = {
				LastSwiftUpdateCheck = 1110;
				LastUpgradeCheck = 1110;
				ORGANIZATIONNAME = "Ankita Jain";
				TargetAttributes = {
					E081FF2D236B8EFB00A9299D = {
						CreatedOnToolsVersion = 11.1;
					};
				};
			};
			buildConfigurationList = E081FF29236B8EFB00A9299D /* Build configuration list for PBXProject "C0765767_MidTerm_MAD3115F2019-P1" */;
			compatibilityVersion = "Xcode 9.3";
			developmentRegion = en;
			hasScannedForEncodings = 0;
			knownRegions = (
				en,
				Base,
			);
			mainGroup = E081FF25236B8EFB00A9299D;
			productRefGroup = E081FF2F236B8EFB00A9299D /* Products */;
			projectDirPath = "";
			projectRoot = "";
			targets = (
				E081FF2D236B8EFB00A9299D /* C0765767_MidTerm_MAD3115F2019-P1 */,
			);
		};
/* End PBXProject section */

/* Begin PBXResourcesBuildPhase section */
		E081FF2C236B8EFB00A9299D /* Resources */ = {
			isa = PBXResourcesBuildPhase;
			buildActionMask = 2147483647;
			files = (
				E081FF3E236B8EFF00A9299D /* LaunchScreen.storyboard in Resources */,
				E081FF46236B900E00A9299D /* ankita.png in Resources */,
				E081FF48236B99F400A9299D /* Users.plist in Resources */,
				E081FF3B236B8EFF00A9299D /* Assets.xcassets in Resources */,
				E081FF39236B8EFB00A9299D /* Main.storyboard in Resources */,
			);
			runOnlyForDeploymentPostprocessing = 0;
		};
/* End PBXResourcesBuildPhase section */

/* Begin PBXSourcesBuildPhase section */
		E081FF2A236B8EFB00A9299D /* Sources */ = {
			isa = PBXSourcesBuildPhase;
			buildActionMask = 2147483647;
			files = (
				E0E402362375381D00CF19D0 /* Hydro.swift in Sources */,
				E081FF6C236BB43300A9299D /* CustomerListViewController.swift in Sources */,
				E081FF72236C130100A9299D /* AddCustomerViewController.swift in Sources */,
				E081FF36236B8EFB00A9299D /* LoginViewController.swift in Sources */,
				E081FF32236B8EFB00A9299D /* AppDelegate.swift in Sources */,
				E0E402382375385500CF19D0 /* Internet.swift in Sources */,
				E081FF70236BE8AE00A9299D /* Customer.swift in Sources */,
				E081FF74236CBD5600A9299D /* CustomerDetailsViewController.swift in Sources */,
				E081FF6E236BC54100A9299D /* Singleton.swift in Sources */,
				E0E40234237537DA00CF19D0 /* Bill.swift in Sources */,
				E081FF34236B8EFB00A9299D /* SceneDelegate.swift in Sources */,
			);
			runOnlyForDeploymentPostprocessing = 0;
		};
/* End PBXSourcesBuildPhase section */

/* Begin PBXVariantGroup section */
		E081FF37236B8EFB00A9299D /* Main.storyboard */ = {
			isa = PBXVariantGroup;
			children = (
				E081FF38236B8EFB00A9299D /* Base */,
			);
			name = Main.storyboard;
			sourceTree = "<group>";
		};
		E081FF3C236B8EFF00A9299D /* LaunchScreen.storyboard */ = {
			isa = PBXVariantGroup;
			children = (
				E081FF3D236B8EFF00A9299D /* Base */,
			);
			name = LaunchScreen.storyboard;
			sourceTree = "<group>";
		};
/* End PBXVariantGroup section */

/* Begin XCBuildConfiguration section */
		E081FF40236B8EFF00A9299D /* Debug */ = {
			isa = XCBuildConfiguration;
			buildSettings = {
				ALWAYS_SEARCH_USER_PATHS = NO;
				CLANG_ANALYZER_NONNULL = YES;
				CLANG_ANALYZER_NUMBER_OBJECT_CONVERSION = YES_AGGRESSIVE;
				CLANG_CXX_LANGUAGE_STANDARD = "gnu++14";
				CLANG_CXX_LIBRARY = "libc++";
				CLANG_ENABLE_MODULES = YES;
				CLANG_ENABLE_OBJC_ARC = YES;
				CLANG_ENABLE_OBJC_WEAK = YES;
				CLANG_WARN_BLOCK_CAPTURE_AUTORELEASING = YES;
				CLANG_WARN_BOOL_CONVERSION = YES;
				CLANG_WARN_COMMA = YES;
				CLANG_WARN_CONSTANT_CONVERSION = YES;
				CLANG_WARN_DEPRECATED_OBJC_IMPLEMENTATIONS = YES;
				CLANG_WARN_DIRECT_OBJC_ISA_USAGE = YES_ERROR;
				CLANG_WARN_DOCUMENTATION_COMMENTS = YES;
				CLANG_WARN_EMPTY_BODY = YES;
				CLANG_WARN_ENUM_CONVERSION = YES;
				CLANG_WARN_INFINITE_RECURSION = YES;
				CLANG_WARN_INT_CONVERSION = YES;
				CLANG_WARN_NON_LITERAL_NULL_CONVERSION = YES;
				CLANG_WARN_OBJC_IMPLICIT_RETAIN_SELF = YES;
				CLANG_WARN_OBJC_LITERAL_CONVERSION = YES;
				CLANG_WARN_OBJC_ROOT_CLASS = YES_ERROR;
				CLANG_WARN_RANGE_LOOP_ANALYSIS = YES;
				CLANG_WARN_STRICT_PROTOTYPES = YES;
				CLANG_WARN_SUSPICIOUS_MOVE = YES;
				CLANG_WARN_UNGUARDED_AVAILABILITY = YES_AGGRESSIVE;
				CLANG_WARN_UNREACHABLE_CODE = YES;
				CLANG_WARN__DUPLICATE_METHOD_MATCH = YES;
				COPY_PHASE_STRIP = NO;
				DEBUG_INFORMATION_FORMAT = dwarf;
				ENABLE_STRICT_OBJC_MSGSEND = YES;
				ENABLE_TESTABILITY = YES;
				GCC_C_LANGUAGE_STANDARD = gnu11;
				GCC_DYNAMIC_NO_PIC = NO;
				GCC_NO_COMMON_BLOCKS = YES;
				GCC_OPTIMIZATION_LEVEL = 0;
				GCC_PREPROCESSOR_DEFINITIONS = (
					"DEBUG=1",
					"$(inherited)",
				);
				GCC_WARN_64_TO_32_BIT_CONVERSION = YES;
				GCC_WARN_ABOUT_RETURN_TYPE = YES_ERROR;
				GCC_WARN_UNDECLARED_SELECTOR = YES;
				GCC_WARN_UNINITIALIZED_AUTOS = YES_AGGRESSIVE;
				GCC_WARN_UNUSED_FUNCTION = YES;
				GCC_WARN_UNUSED_VARIABLE = YES;
				IPHONEOS_DEPLOYMENT_TARGET = 13.1;
				MTL_ENABLE_DEBUG_INFO = INCLUDE_SOURCE;
				MTL_FAST_MATH = YES;
				ONLY_ACTIVE_ARCH = YES;
				SDKROOT = iphoneos;
				SWIFT_ACTIVE_COMPILATION_CONDITIONS = DEBUG;
				SWIFT_OPTIMIZATION_LEVEL = "-Onone";
			};
			name = Debug;
		};
		E081FF41236B8EFF00A9299D /* Release */ = {
			isa = XCBuildConfiguration;
			buildSettings = {
				ALWAYS_SEARCH_USER_PATHS = NO;
				CLANG_ANALYZER_NONNULL = YES;
				CLANG_ANALYZER_NUMBER_OBJECT_CONVERSION = YES_AGGRESSIVE;
				CLANG_CXX_LANGUAGE_STANDARD = "gnu++14";
				CLANG_CXX_LIBRARY = "libc++";
				CLANG_ENABLE_MODULES = YES;
				CLANG_ENABLE_OBJC_ARC = YES;
				CLANG_ENABLE_OBJC_WEAK = YES;
				CLANG_WARN_BLOCK_CAPTURE_AUTORELEASING = YES;
				CLANG_WARN_BOOL_CONVERSION = YES;
				CLANG_WARN_COMMA = YES;
				CLANG_WARN_CONSTANT_CONVERSION = YES;
				CLANG_WARN_DEPRECATED_OBJC_IMPLEMENTATIONS = YES;
				CLANG_WARN_DIRECT_OBJC_ISA_USAGE = YES_ERROR;
				CLANG_WARN_DOCUMENTATION_COMMENTS = YES;
				CLANG_WARN_EMPTY_BODY = YES;
				CLANG_WARN_ENUM_CONVERSION = YES;
				CLANG_WARN_INFINITE_RECURSION = YES;
				CLANG_WARN_INT_CONVERSION = YES;
				CLANG_WARN_NON_LITERAL_NULL_CONVERSION = YES;
				CLANG_WARN_OBJC_IMPLICIT_RETAIN_SELF = YES;
				CLANG_WARN_OBJC_LITERAL_CONVERSION = YES;
				CLANG_WARN_OBJC_ROOT_CLASS = YES_ERROR;
				CLANG_WARN_RANGE_LOOP_ANALYSIS = YES;
				CLANG_WARN_STRICT_PROTOTYPES = YES;
				CLANG_WARN_SUSPICIOUS_MOVE = YES;
				CLANG_WARN_UNGUARDED_AVAILABILITY = YES_AGGRESSIVE;
				CLANG_WARN_UNREACHABLE_CODE = YES;
				CLANG_WARN__DUPLICATE_METHOD_MATCH = YES;
				COPY_PHASE_STRIP = NO;
				DEBUG_INFORMATION_FORMAT = "dwarf-with-dsym";
				ENABLE_NS_ASSERTIONS = NO;
				ENABLE_STRICT_OBJC_MSGSEND = YES;
				GCC_C_LANGUAGE_STANDARD = gnu11;
				GCC_NO_COMMON_BLOCKS = YES;
				GCC_WARN_64_TO_32_BIT_CONVERSION = YES;
				GCC_WARN_ABOUT_RETURN_TYPE = YES_ERROR;
				GCC_WARN_UNDECLARED_SELECTOR = YES;
				GCC_WARN_UNINITIALIZED_AUTOS = YES_AGGRESSIVE;
				GCC_WARN_UNUSED_FUNCTION = YES;
				GCC_WARN_UNUSED_VARIABLE = YES;
				IPHONEOS_DEPLOYMENT_TARGET = 13.1;
				MTL_ENABLE_DEBUG_INFO = NO;
				MTL_FAST_MATH = YES;
				SDKROOT = iphoneos;
				SWIFT_COMPILATION_MODE = wholemodule;
				SWIFT_OPTIMIZATION_LEVEL = "-O";
				VALIDATE_PRODUCT = YES;
			};
			name = Release;
		};
		E081FF43236B8EFF00A9299D /* Debug */ = {
			isa = XCBuildConfiguration;
			buildSettings = {
				ASSETCATALOG_COMPILER_APPICON_NAME = AppIcon;
				CODE_SIGN_STYLE = Automatic;
				INFOPLIST_FILE = "C0765767_MidTerm_MAD3115F2019-P1/Info.plist";
				LD_RUNPATH_SEARCH_PATHS = (
					"$(inherited)",
					"@executable_path/Frameworks",
				);
				PRODUCT_BUNDLE_IDENTIFIER = "com.ankita.C0765767-MidTerm-MAD3115F2019-P1";
				PRODUCT_NAME = "$(TARGET_NAME)";
				SWIFT_VERSION = 5.0;
				TARGETED_DEVICE_FAMILY = "1,2";
			};
			name = Debug;
		};
		E081FF44236B8EFF00A9299D /* Release */ = {
			isa = XCBuildConfiguration;
			buildSettings = {
				ASSETCATALOG_COMPILER_APPICON_NAME = AppIcon;
				CODE_SIGN_STYLE = Automatic;
				INFOPLIST_FILE = "C0765767_MidTerm_MAD3115F2019-P1/Info.plist";
				LD_RUNPATH_SEARCH_PATHS = (
					"$(inherited)",
					"@executable_path/Frameworks",
				);
				PRODUCT_BUNDLE_IDENTIFIER = "com.ankita.C0765767-MidTerm-MAD3115F2019-P1";
				PRODUCT_NAME = "$(TARGET_NAME)";
				SWIFT_VERSION = 5.0;
				TARGETED_DEVICE_FAMILY = "1,2";
			};
			name = Release;
		};
/* End XCBuildConfiguration section */

/* Begin XCConfigurationList section */
		E081FF29236B8EFB00A9299D /* Build configuration list for PBXProject "C0765767_MidTerm_MAD3115F2019-P1" */ = {
			isa = XCConfigurationList;
			buildConfigurations = (
				E081FF40236B8EFF00A9299D /* Debug */,
				E081FF41236B8EFF00A9299D /* Release */,
			);
			defaultConfigurationIsVisible = 0;
			defaultConfigurationName = Release;
		};
		E081FF42236B8EFF00A9299D /* Build configuration list for PBXNativeTarget "C0765767_MidTerm_MAD3115F2019-P1" */ = {
			isa = XCConfigurationList;
			buildConfigurations = (
				E081FF43236B8EFF00A9299D /* Debug */,
				E081FF44236B8EFF00A9299D /* Release */,
			);
			defaultConfigurationIsVisible = 0;
			defaultConfigurationName = Release;
		};
/* End XCConfigurationList section */
	};
	rootObject = E081FF26236B8EFB00A9299D /* Project object */;
}
